
Microsoft Visual Studio Solution File, Format Version 12.00
# Visual Studio Version 17
VisualStudioVersion = 17.7.34024.191
MinimumVisualStudioVersion = 10.0.40219.1
Project("{9A19103F-16F7-4668-BE54-9A1E7A4F7556}") = "EngineeringServices.Model", "EngineeringServices.Model\EngineeringServices.Model.csproj", "{6701B4EC-E9A1-486E-B40C-944BC55F8252}"
EndProject
Project("{9A19103F-16F7-4668-BE54-9A1E7A4F7556}") = "EngineeringServices.DataAccess", "EngineeringServices.DataAccess\EngineeringServices.DataAccess.csproj", "{C2EA406B-7D23-4F7D-A83C-88D5AD640923}"
EndProject
Project("{9A19103F-16F7-4668-BE54-9A1E7A4F7556}") = "Infrastructure", "Infrastructure\Infrastructure.csproj", "{120B9B0B-5F92-427E-817C-4E61DED6ABF6}"
EndProject
Project("{9A19103F-16F7-4668-BE54-9A1E7A4F7556}") = "EngineeringServices.Business", "EngineeringServices.Business\EngineeringServices.Business.csproj", "{35F13DCD-419F-4CCF-9FAD-27666914A4C0}"
EndProject
Project("{FAE04EC0-301F-11D3-BF4B-00C04F79EFBC}") = "EngineeringServices.WebAPI", "EngineeringServices.WebAPI\EngineeringServices.WebAPI.csproj", "{2E8A7CCC-AC85-4018-AD82-C6D320326E8E}"
EndProject
Global
	GlobalSection(SolutionConfigurationPlatforms) = preSolution
		Debug|Any CPU = Debug|Any CPU
		Release|Any CPU = Release|Any CPU
	EndGlobalSection
	GlobalSection(ProjectConfigurationPlatforms) = postSolution
		{6701B4EC-E9A1-486E-B40C-944BC55F8252}.Debug|Any CPU.ActiveCfg = Debug|Any CPU
		{6701B4EC-E9A1-486E-B40C-944BC55F8252}.Debug|Any CPU.Build.0 = Debug|Any CPU
		{6701B4EC-E9A1-486E-B40C-944BC55F8252}.Release|Any CPU.ActiveCfg = Release|Any CPU
		{6701B4EC-E9A1-486E-B40C-944BC55F8252}.Release|Any CPU.Build.0 = Release|Any CPU
		{C2EA406B-7D23-4F7D-A83C-88D5AD640923}.Debug|Any CPU.ActiveCfg = Debug|Any CPU
		{C2EA406B-7D23-4F7D-A83C-88D5AD640923}.Debug|Any CPU.Build.0 = Debug|Any CPU
		{C2EA406B-7D23-4F7D-A83C-88D5AD640923}.Release|Any CPU.ActiveCfg = Release|Any CPU
		{C2EA406B-7D23-4F7D-A83C-88D5AD640923}.Release|Any CPU.Build.0 = Release|Any CPU
		{120B9B0B-5F92-427E-817C-4E61DED6ABF6}.Debug|Any CPU.ActiveCfg = Debug|Any CPU
		{120B9B0B-5F92-427E-817C-4E61DED6ABF6}.Debug|Any CPU.Build.0 = Debug|Any CPU
		{120B9B0B-5F92-427E-817C-4E61DED6ABF6}.Release|Any CPU.ActiveCfg = Release|Any CPU
		{120B9B0B-5F92-427E-817C-4E61DED6ABF6}.Release|Any CPU.Build.0 = Release|Any CPU
		{35F13DCD-419F-4CCF-9FAD-27666914A4C0}.Debug|Any CPU.ActiveCfg = Debug|Any CPU
		{35F13DCD-419F-4CCF-9FAD-27666914A4C0}.Debug|Any CPU.Build.0 = Debug|Any CPU
		{35F13DCD-419F-4CCF-9FAD-27666914A4C0}.Release|Any CPU.ActiveCfg = Release|Any CPU
		{35F13DCD-419F-4CCF-9FAD-27666914A4C0}.Release|Any CPU.Build.0 = Release|Any CPU
		{2E8A7CCC-AC85-4018-AD82-C6D320326E8E}.Debug|Any CPU.ActiveCfg = Debug|Any CPU
		{2E8A7CCC-AC85-4018-AD82-C6D320326E8E}.Debug|Any CPU.Build.0 = Debug|Any CPU
		{2E8A7CCC-AC85-4018-AD82-C6D320326E8E}.Release|Any CPU.ActiveCfg = Release|Any CPU
		{2E8A7CCC-AC85-4018-AD82-C6D320326E8E}.Release|Any CPU.Build.0 = Release|Any CPU
	EndGlobalSection
	GlobalSection(SolutionProperties) = preSolution
		HideSolutionNode = FALSE
	EndGlobalSection
	GlobalSection(ExtensibilityGlobals) = postSolution
		SolutionGuid = {94A63550-840D-4773-890E-0573FC95E8DC}
	EndGlobalSection
EndGlobal
